// !$*UTF8*$!
{
	archiveVersion = 1;
	classes = {
	};
	objectVersion = 46;
	objects = {

/* Begin PBXBuildFile section */
		928018B31F56598C00BC0F58 /* main.m in Sources */ = {isa = PBXBuildFile; fileRef = 928018B21F56598C00BC0F58 /* main.m */; };
		928018B61F56598C00BC0F58 /* AppDelegate.m in Sources */ = {isa = PBXBuildFile; fileRef = 928018B51F56598C00BC0F58 /* AppDelegate.m */; };
		928018B91F56598C00BC0F58 /* ViewController.m in Sources */ = {isa = PBXBuildFile; fileRef = 928018B81F56598C00BC0F58 /* ViewController.m */; };
		928018BC1F56598C00BC0F58 /* Main.storyboard in Resources */ = {isa = PBXBuildFile; fileRef = 928018BA1F56598C00BC0F58 /* Main.storyboard */; };
		928018BE1F56598C00BC0F58 /* Assets.xcassets in Resources */ = {isa = PBXBuildFile; fileRef = 928018BD1F56598C00BC0F58 /* Assets.xcassets */; };
		928018C11F56598C00BC0F58 /* LaunchScreen.storyboard in Resources */ = {isa = PBXBuildFile; fileRef = 928018BF1F56598C00BC0F58 /* LaunchScreen.storyboard */; };
/* End PBXBuildFile section */

/* Begin PBXFileReference section */
		928018AE1F56598C00BC0F58 /* LotteryTicket.app */ = {isa = PBXFileReference; explicitFileType = wrapper.application; includeInIndex = 0; path = LotteryTicket.app; sourceTree = BUILT_PRODUCTS_DIR; };
		928018B21F56598C00BC0F58 /* main.m */ = {isa = PBXFileReference; lastKnownFileType = sourcecode.c.objc; path = main.m; sourceTree = "<group>"; };
		928018B41F56598C00BC0F58 /* AppDelegate.h */ = {isa = PBXFileReference; lastKnownFileType = sourcecode.c.h; path = AppDelegate.h; sourceTree = "<group>"; };
		928018B51F56598C00BC0F58 /* AppDelegate.m */ = {isa = PBXFileReference; lastKnownFileType = sourcecode.c.objc; path = AppDelegate.m; sourceTree = "<group>"; };
		928018B71F56598C00BC0F58 /* ViewController.h */ = {isa = PBXFileReference; lastKnownFileType = sourcecode.c.h; path = ViewController.h; sourceTree = "<group>"; };
		928018B81F56598C00BC0F58 /* ViewController.m */ = {isa = PBXFileReference; lastKnownFileType = sourcecode.c.objc; path = ViewController.m; sourceTree = "<group>"; };
		928018BB1F56598C00BC0F58 /* Base */ = {isa = PBXFileReference; lastKnownFileType = file.storyboard; name = Base; path = Base.lproj/Main.storyboard; sourceTree = "<group>"; };
		928018BD1F56598C00BC0F58 /* Assets.xcassets */ = {isa = PBXFileReference; lastKnownFileType = folder.assetcatalog; path = Assets.xcassets; sourceTree = "<group>"; };
		928018C01F56598C00BC0F58 /* Base */ = {isa = PBXFileReference; lastKnownFileType = file.storyboard; name = Base; path = Base.lproj/LaunchScreen.storyboard; sourceTree = "<group>"; };
		928018C21F56598C00BC0F58 /* Info.plist */ = {isa = PBXFileReference; lastKnownFileType = text.plist.xml; path = Info.plist; sourceTree = "<group>"; };
/* End PBXFileReference section */

/* Begin PBXFrameworksBuildPhase section */
		928018AB1F56598C00BC0F58 /* Frameworks */ = {
			isa = PBXFrameworksBuildPhase;
			buildActionMask = 2147483647;
			files = (
			);
			runOnlyForDeploymentPostprocessing = 0;
		};
/* End PBXFrameworksBuildPhase section */

/* Begin PBXGroup section */
		928018A51F56598C00BC0F58 = {
			isa = PBXGroup;
			children = (
				928018B01F56598C00BC0F58 /* LotteryTicket */,
				928018AF1F56598C00BC0F58 /* Products */,
			);
			sourceTree = "<group>";
		};
		928018AF1F56598C00BC0F58 /* Products */ = {
			isa = PBXGroup;
			children = (
				928018AE1F56598C00BC0F58 /* LotteryTicket.app */,
			);
			name = Products;
			sourceTree = "<group>";
		};
		928018B01F56598C00BC0F58 /* LotteryTicket */ = {
			isa = PBXGroup;
			children = (
				928018B41F56598C00BC0F58 /* AppDelegate.h */,
				928018B51F56598C00BC0F58 /* AppDelegate.m */,
				928018B71F56598C00BC0F58 /* ViewController.h */,
				928018B81F56598C00BC0F58 /* ViewController.m */,
				928018BA1F56598C00BC0F58 /* Main.storyboard */,
				928018BD1F56598C00BC0F58 /* Assets.xcassets */,
				928018BF1F56598C00BC0F58 /* LaunchScreen.storyboard */,
				928018C21F56598C00BC0F58 /* Info.plist */,
				928018B11F56598C00BC0F58 /* Supporting Files */,
			);
			path = LotteryTicket;
			sourceTree = "<group>";
		};
		928018B11F56598C00BC0F58 /* Supporting Files */ = {
			isa = PBXGroup;
			children = (
				928018B21F56598C00BC0F58 /* main.m */,
			);
			name = "Supporting Files";
			sourceTree = "<group>";
		};
/* End PBXGroup section */

/* Begin PBXNativeTarget section */
		928018AD1F56598C00BC0F58 /* LotteryTicket */ = {
			isa = PBXNativeTarget;
			buildConfigurationList = 928018C51F56598C00BC0F58 /* Build configuration list for PBXNativeTarget "LotteryTicket" */;
			buildPhases = (
				928018AA1F56598C00BC0F58 /* Sources */,
				928018AB1F56598C00BC0F58 /* Frameworks */,
				928018AC1F56598C00BC0F58 /* Resources */,
			);
			buildRules = (
			);
			dependencies = (
			);
			name = LotteryTicket;
			productName = LotteryTicket;
			productReference = 928018AE1F56598C00BC0F58 /* LotteryTicket.app */;
			productType = "com.apple.product-type.application";
		};
/* End PBXNativeTarget section */

/* Begin PBXProject section */
		928018A61F56598C00BC0F58 /* Project object */ = {
			isa = PBXProject;
			attributes = {
				LastUpgradeCheck = 0830;
				ORGANIZATIONNAME = Dobby;
				TargetAttributes = {
					928018AD1F56598C00BC0F58 = {
						CreatedOnToolsVersion = 8.3.3;
						DevelopmentTeam = A4C37KA7MA;
						ProvisioningStyle = Automatic;
					};
				};
			};
			buildConfigurationList = 928018A91F56598C00BC0F58 /* Build configuration list for PBXProject "LotteryTicket" */;
			compatibilityVersion = "Xcode 3.2";
			developmentRegion = English;
			hasScannedForEncodings = 0;
			knownRegions = (
				en,
				Base,
			);
			mainGroup = 928018A51F56598C00BC0F58;
			productRefGroup = 928018AF1F56598C00BC0F58 /* Products */;
			projectDirPath = "";
			projectRoot = "";
			targets = (
				928018AD1F56598C00BC0F58 /* LotteryTicket */,
			);
		};
/* End PBXProject section */

/* Begin PBXResourcesBuildPhase section */
		928018AC1F56598C00BC0F58 /* Resources */ = {
			isa = PBXResourcesBuildPhase;
			buildActionMask = 2147483647;
			files = (
				928018C11F56598C00BC0F58 /* LaunchScreen.storyboard in Resources */,
				928018BE1F56598C00BC0F58 /* Assets.xcassets in Resources */,
				928018BC1F56598C00BC0F58 /* Main.storyboard in Resources */,
			);
			runOnlyForDeploymentPostprocessing = 0;
		};
/* End PBXResourcesBuildPhase section */

/* Begin PBXSourcesBuildPhase section */
		928018AA1F56598C00BC0F58 /* Sources */ = {
			isa = PBXSourcesBuildPhase;
			buildActionMask = 2147483647;
			files = (
				928018B91F56598C00BC0F58 /* ViewController.m in Sources */,
				928018B61F56598C00BC0F58 /* AppDelegate.m in Sources */,
				928018B31F56598C00BC0F58 /* main.m in Sources */,
			);
			runOnlyForDeploymentPostprocessing = 0;
		};
/* End PBXSourcesBuildPhase section */

/* Begin PBXVariantGroup section */
		928018BA1F56598C00BC0F58 /* Main.storyboard */ = {
			isa = PBXVariantGroup;
			children = (
				928018BB1F56598C00BC0F58 /* Base */,
			);
			name = Main.storyboard;
			sourceTree = "<group>";
		};
		928018BF1F56598C00BC0F58 /* LaunchScreen.storyboard */ = {
			isa = PBXVariantGroup;
			children = (
				928018C01F56598C00BC0F58 /* Base */,
			);
			name = LaunchScreen.storyboard;
			sourceTree = "<group>";
		};
/* End PBXVariantGroup section */

/* Begin XCBuildConfiguration section */
		928018C31F56598C00BC0F58 /* Debug */ = {
			isa = XCBuildConfiguration;
			buildSettings = {
				ALWAYS_SEARCH_USER_PATHS = NO;
				CLANG_ANALYZER_NONNULL = YES;
				CLANG_ANALYZER_NUMBER_OBJECT_CONVERSION = YES_AGGRESSIVE;
				CLANG_CXX_LANGUAGE_STANDARD = "gnu++0x";
				CLANG_CXX_LIBRARY = "libc++";
				CLANG_ENABLE_MODULES = YES;
				CLANG_ENABLE_OBJC_ARC = YES;
				CLANG_WARN_BOOL_CONVERSION = YES;
				CLANG_WARN_CONSTANT_CONVERSION = YES;
				CLANG_WARN_DIRECT_OBJC_ISA_USAGE = YES_ERROR;
				CLANG_WARN_DOCUMENTATION_COMMENTS = YES;
				CLANG_WARN_EMPTY_BODY = YES;
				CLANG_WARN_ENUM_CONVERSION = YES;
				CLANG_WARN_INFINITE_RECURSION = YES;
				CLANG_WARN_INT_CONVERSION = YES;
				CLANG_WARN_OBJC_ROOT_CLASS = YES_ERROR;
				CLANG_WARN_SUSPICIOUS_MOVE = YES;
				CLANG_WARN_UNREACHABLE_CODE = YES;
				CLANG_WARN__DUPLICATE_METHOD_MATCH = YES;
				"CODE_SIGN_IDENTITY[sdk=iphoneos*]" = "iPhone Developer";
				COPY_PHASE_STRIP = NO;
				DEBUG_INFORMATION_FORMAT = dwarf;
				ENABLE_STRICT_OBJC_MSGSEND = YES;
				ENABLE_TESTABILITY = YES;
				GCC_C_LANGUAGE_STANDARD = gnu99;
				GCC_DYNAMIC_NO_PIC = NO;
				GCC_NO_COMMON_BLOCKS = YES;
				GCC_OPTIMIZATION_LEVEL = 0;
				GCC_PREPROCESSOR_DEFINITIONS = (
					"DEBUG=1",
					"$(inherited)",
				);
				GCC_WARN_64_TO_32_BIT_CONVERSION = YES;
				GCC_WARN_ABOUT_RETURN_TYPE = YES_ERROR;
				GCC_WARN_UNDECLARED_SELECTOR = YES;
				GCC_WARN_UNINITIALIZED_AUTOS = YES_AGGRESSIVE;
				GCC_WARN_UNUSED_FUNCTION = YES;
				GCC_WARN_UNUSED_VARIABLE = YES;
				IPHONEOS_DEPLOYMENT_TARGET = 10.3;
				MTL_ENABLE_DEBUG_INFO = YES;
				ONLY_ACTIVE_ARCH = YES;
				SDKROOT = iphoneos;
			};
			name = Debug;
		};
		928018C41F56598C00BC0F58 /* Release */ = {
			isa = XCBuildConfiguration;
			buildSettings = {
				ALWAYS_SEARCH_USER_PATHS = NO;
				CLANG_ANALYZER_NONNULL = YES;
				CLANG_ANALYZER_NUMBER_OBJECT_CONVERSION = YES_AGGRESSIVE;
				CLANG_CXX_LANGUAGE_STANDARD = "gnu++0x";
				CLANG_CXX_LIBRARY = "libc++";
				CLANG_ENABLE_MODULES = YES;
				CLANG_ENABLE_OBJC_ARC = YES;
				CLANG_WARN_BOOL_CONVERSION = YES;
				CLANG_WARN_CONSTANT_CONVERSION = YES;
				CLANG_WARN_DIRECT_OBJC_ISA_USAGE = YES_ERROR;
				CLANG_WARN_DOCUMENTATION_COMMENTS = YES;
				CLANG_WARN_EMPTY_BODY = YES;
				CLANG_WARN_ENUM_CONVERSION = YES;
				CLANG_WARN_INFINITE_RECURSION = YES;
				CLANG_WARN_INT_CONVERSION = YES;
				CLANG_WARN_OBJC_ROOT_CLASS = YES_ERROR;
				CLANG_WARN_SUSPICIOUS_MOVE = YES;
				CLANG_WARN_UNREACHABLE_CODE = YES;
				CLANG_WARN__DUPLICATE_METHOD_MATCH = YES;
				"CODE_SIGN_IDENTITY[sdk=iphoneos*]" = "iPhone Developer";
				COPY_PHASE_STRIP = NO;
				DEBUG_INFORMATION_FORMAT = "dwarf-with-dsym";
				ENABLE_NS_ASSERTIONS = NO;
				ENABLE_STRICT_OBJC_MSGSEND = YES;
				GCC_C_LANGUAGE_STANDARD = gnu99;
				GCC_NO_COMMON_BLOCKS = YES;
				GCC_WARN_64_TO_32_BIT_CONVERSION = YES;
				GCC_WARN_ABOUT_RETURN_TYPE = YES_ERROR;
				GCC_WARN_UNDECLARED_SELECTOR = YES;
				GCC_WARN_UNINITIALIZED_AUTOS = YES_AGGRESSIVE;
				GCC_WARN_UNUSED_FUNCTION = YES;
				GCC_WARN_UNUSED_VARIABLE = YES;
				IPHONEOS_DEPLOYMENT_TARGET = 10.3;
				MTL_ENABLE_DEBUG_INFO = NO;
				SDKROOT = iphoneos;
				VALIDATE_PRODUCT = YES;
			};
			name = Release;
		};
		928018C61F56598C00BC0F58 /* Debug */ = {
			isa = XCBuildConfiguration;
			buildSettings = {
				ASSETCATALOG_COMPILER_APPICON_NAME = AppIcon;
				DEVELOPMENT_TEAM = A4C37KA7MA;
				INFOPLIST_FILE = LotteryTicket/Info.plist;
				LD_RUNPATH_SEARCH_PATHS = "$(inherited) @executable_path/Frameworks";
				PRODUCT_BUNDLE_IDENTIFIER = Dobby.LotteryTicket;
				PRODUCT_NAME = "$(TARGET_NAME)";
			};
			name = Debug;
		};
		928018C71F56598C00BC0F58 /* Release */ = {
			isa = XCBuildConfiguration;
			buildSettings = {
				ASSETCATALOG_COMPILER_APPICON_NAME = AppIcon;
				DEVELOPMENT_TEAM = A4C37KA7MA;
				INFOPLIST_FILE = LotteryTicket/Info.plist;
				LD_RUNPATH_SEARCH_PATHS = "$(inherited) @executable_path/Frameworks";
				PRODUCT_BUNDLE_IDENTIFIER = Dobby.LotteryTicket;
				PRODUCT_NAME = "$(TARGET_NAME)";
			};
			name = Release;
		};
/* End XCBuildConfiguration section */

/* Begin XCConfigurationList section */
		928018A91F56598C00BC0F58 /* Build configuration list for PBXProject "LotteryTicket" */ = {
			isa = XCConfigurationList;
			buildConfigurations = (
				928018C31F56598C00BC0F58 /* Debug */,
				928018C41F56598C00BC0F58 /* Release */,
			);
			defaultConfigurationIsVisible = 0;
			defaultConfigurationName = Release;
		};
		928018C51F56598C00BC0F58 /* Build configuration list for PBXNativeTarget "LotteryTicket" */ = {
			isa = XCConfigurationList;
			buildConfigurations = (
				928018C61F56598C00BC0F58 /* Debug */,
				928018C71F56598C00BC0F58 /* Release */,
			);
			defaultConfigurationIsVisible = 0;
		};
/* End XCConfigurationList section */
	};
	rootObject = 928018A61F56598C00BC0F58 /* Project object */;
}
